
Microsoft Visual Studio Solution File, Format Version 12.00
# Visual Studio Version 17
VisualStudioVersion = 17.4.33213.308
MinimumVisualStudioVersion = 10.0.40219.1
Project("{FAE04EC0-301F-11D3-BF4B-00C04F79EFBC}") = "WebdevelopmentPeriode3", "WebdevelopmentPeriode3\WebdevelopmentPeriode3.csproj", "{45C0A66E-2A2D-4F04-988A-FA79D1F9EDF5}"
EndProject
Global
	GlobalSection(SolutionConfigurationPlatforms) = preSolution
		Debug|Any CPU = Debug|Any CPU
		Release|Any CPU = Release|Any CPU
	EndGlobalSection
	GlobalSection(ProjectConfigurationPlatforms) = postSolution
		{45C0A66E-2A2D-4F04-988A-FA79D1F9EDF5}.Debug|Any CPU.ActiveCfg = Debug|Any CPU
		{45C0A66E-2A2D-4F04-988A-FA79D1F9EDF5}.Debug|Any CPU.Build.0 = Debug|Any CPU
		{45C0A66E-2A2D-4F04-988A-FA79D1F9EDF5}.Release|Any CPU.ActiveCfg = Release|Any CPU
		{45C0A66E-2A2D-4F04-988A-FA79D1F9EDF5}.Release|Any CPU.Build.0 = Release|Any CPU
	EndGlobalSection
	GlobalSection(SolutionProperties) = preSolution
		HideSolutionNode = FALSE
	EndGlobalSection
	GlobalSection(ExtensibilityGlobals) = postSolution
		SolutionGuid = {438508E3-F0AC-4492-B2EB-7222540333A1}
	EndGlobalSection
EndGlobal
